
Microsoft Visual Studio Solution File, Format Version 12.00
# Visual Studio 15
VisualStudioVersion = 15.0.28307.421
MinimumVisualStudioVersion = 10.0.40219.1
Project("{FAE04EC0-301F-11D3-BF4B-00C04F79EFBC}") = "ShowdocCode", "ShowdocCode.csproj", "{DDD053D4-7A70-47B7-AB0A-2D16A9A3D838}"
EndProject
Global
	GlobalSection(SolutionConfigurationPlatforms) = preSolution
		Debug|Any CPU = Debug|Any CPU
		Release|Any CPU = Release|Any CPU
	EndGlobalSection
	GlobalSection(ProjectConfigurationPlatforms) = postSolution
		{DDD053D4-7A70-47B7-AB0A-2D16A9A3D838}.Debug|Any CPU.ActiveCfg = Debug|Any CPU
		{DDD053D4-7A70-47B7-AB0A-2D16A9A3D838}.Debug|Any CPU.Build.0 = Debug|Any CPU
		{DDD053D4-7A70-47B7-AB0A-2D16A9A3D838}.Release|Any CPU.ActiveCfg = Release|Any CPU
		{DDD053D4-7A70-47B7-AB0A-2D16A9A3D838}.Release|Any CPU.Build.0 = Release|Any CPU
	EndGlobalSection
	GlobalSection(SolutionProperties) = preSolution
		HideSolutionNode = FALSE
	EndGlobalSection
	GlobalSection(ExtensibilityGlobals) = postSolution
		SolutionGuid = {33CB8B01-F5F3-4E9A-A4A7-6AF1DC6804A9}
	EndGlobalSection
EndGlobal
